// !$*UTF8*$!
{
	archiveVersion = 1;
	classes = {
	};
	objectVersion = 50;
	objects = {

/* Begin PBXBuildFile section */
		7509FE3625DAABC2000F64A1 /* PictureGridApp.swift in Sources */ = {isa = PBXBuildFile; fileRef = 7509FE3525DAABC2000F64A1 /* PictureGridApp.swift */; };
		7509FE3825DAABC2000F64A1 /* ContentView.swift in Sources */ = {isa = PBXBuildFile; fileRef = 7509FE3725DAABC2000F64A1 /* ContentView.swift */; };
		7509FE3A25DAABC2000F64A1 /* Assets.xcassets in Resources */ = {isa = PBXBuildFile; fileRef = 7509FE3925DAABC2000F64A1 /* Assets.xcassets */; };
		7509FE3D25DAABC2000F64A1 /* Preview Assets.xcassets in Resources */ = {isa = PBXBuildFile; fileRef = 7509FE3C25DAABC2000F64A1 /* Preview Assets.xcassets */; };
		7509FE4825DAABC2000F64A1 /* PictureGridTests.swift in Sources */ = {isa = PBXBuildFile; fileRef = 7509FE4725DAABC2000F64A1 /* PictureGridTests.swift */; };
		7509FE5325DAABC2000F64A1 /* PictureGridUITests.swift in Sources */ = {isa = PBXBuildFile; fileRef = 7509FE5225DAABC2000F64A1 /* PictureGridUITests.swift */; };
/* End PBXBuildFile section */

/* Begin PBXContainerItemProxy section */
		7509FE4425DAABC2000F64A1 /* PBXContainerItemProxy */ = {
			isa = PBXContainerItemProxy;
			containerPortal = 7509FE2A25DAABC1000F64A1 /* Project object */;
			proxyType = 1;
			remoteGlobalIDString = 7509FE3125DAABC2000F64A1;
			remoteInfo = PictureGrid;
		};
		7509FE4F25DAABC2000F64A1 /* PBXContainerItemProxy */ = {
			isa = PBXContainerItemProxy;
			containerPortal = 7509FE2A25DAABC1000F64A1 /* Project object */;
			proxyType = 1;
			remoteGlobalIDString = 7509FE3125DAABC2000F64A1;
			remoteInfo = PictureGrid;
		};
/* End PBXContainerItemProxy section */

/* Begin PBXFileReference section */
		7509FE3225DAABC2000F64A1 /* PictureGrid.app */ = {isa = PBXFileReference; explicitFileType = wrapper.application; includeInIndex = 0; path = PictureGrid.app; sourceTree = BUILT_PRODUCTS_DIR; };
		7509FE3525DAABC2000F64A1 /* PictureGridApp.swift */ = {isa = PBXFileReference; lastKnownFileType = sourcecode.swift; path = PictureGridApp.swift; sourceTree = "<group>"; };
		7509FE3725DAABC2000F64A1 /* ContentView.swift */ = {isa = PBXFileReference; lastKnownFileType = sourcecode.swift; path = ContentView.swift; sourceTree = "<group>"; };
		7509FE3925DAABC2000F64A1 /* Assets.xcassets */ = {isa = PBXFileReference; lastKnownFileType = folder.assetcatalog; path = Assets.xcassets; sourceTree = "<group>"; };
		7509FE3C25DAABC2000F64A1 /* Preview Assets.xcassets */ = {isa = PBXFileReference; lastKnownFileType = folder.assetcatalog; path = "Preview Assets.xcassets"; sourceTree = "<group>"; };
		7509FE3E25DAABC2000F64A1 /* Info.plist */ = {isa = PBXFileReference; lastKnownFileType = text.plist.xml; path = Info.plist; sourceTree = "<group>"; };
		7509FE4325DAABC2000F64A1 /* PictureGridTests.xctest */ = {isa = PBXFileReference; explicitFileType = wrapper.cfbundle; includeInIndex = 0; path = PictureGridTests.xctest; sourceTree = BUILT_PRODUCTS_DIR; };
		7509FE4725DAABC2000F64A1 /* PictureGridTests.swift */ = {isa = PBXFileReference; lastKnownFileType = sourcecode.swift; path = PictureGridTests.swift; sourceTree = "<group>"; };
		7509FE4925DAABC2000F64A1 /* Info.plist */ = {isa = PBXFileReference; lastKnownFileType = text.plist.xml; path = Info.plist; sourceTree = "<group>"; };
		7509FE4E25DAABC2000F64A1 /* PictureGridUITests.xctest */ = {isa = PBXFileReference; explicitFileType = wrapper.cfbundle; includeInIndex = 0; path = PictureGridUITests.xctest; sourceTree = BUILT_PRODUCTS_DIR; };
		7509FE5225DAABC2000F64A1 /* PictureGridUITests.swift */ = {isa = PBXFileReference; lastKnownFileType = sourcecode.swift; path = PictureGridUITests.swift; sourceTree = "<group>"; };
		7509FE5425DAABC2000F64A1 /* Info.plist */ = {isa = PBXFileReference; lastKnownFileType = text.plist.xml; path = Info.plist; sourceTree = "<group>"; };
/* End PBXFileReference section */

/* Begin PBXFrameworksBuildPhase section */
		7509FE2F25DAABC2000F64A1 /* Frameworks */ = {
			isa = PBXFrameworksBuildPhase;
			buildActionMask = 2147483647;
			files = (
			);
			runOnlyForDeploymentPostprocessing = 0;
		};
		7509FE4025DAABC2000F64A1 /* Frameworks */ = {
			isa = PBXFrameworksBuildPhase;
			buildActionMask = 2147483647;
			files = (
			);
			runOnlyForDeploymentPostprocessing = 0;
		};
		7509FE4B25DAABC2000F64A1 /* Frameworks */ = {
			isa = PBXFrameworksBuildPhase;
			buildActionMask = 2147483647;
			files = (
			);
			runOnlyForDeploymentPostprocessing = 0;
		};
/* End PBXFrameworksBuildPhase section */

/* Begin PBXGroup section */
		7509FE2925DAABC1000F64A1 = {
			isa = PBXGroup;
			children = (
				7509FE3425DAABC2000F64A1 /* PictureGrid */,
				7509FE4625DAABC2000F64A1 /* PictureGridTests */,
				7509FE5125DAABC2000F64A1 /* PictureGridUITests */,
				7509FE3325DAABC2000F64A1 /* Products */,
			);
			sourceTree = "<group>";
		};
		7509FE3325DAABC2000F64A1 /* Products */ = {
			isa = PBXGroup;
			children = (
				7509FE3225DAABC2000F64A1 /* PictureGrid.app */,
				7509FE4325DAABC2000F64A1 /* PictureGridTests.xctest */,
				7509FE4E25DAABC2000F64A1 /* PictureGridUITests.xctest */,
			);
			name = Products;
			sourceTree = "<group>";
		};
		7509FE3425DAABC2000F64A1 /* PictureGrid */ = {
			isa = PBXGroup;
			children = (
				7509FE3525DAABC2000F64A1 /* PictureGridApp.swift */,
				7509FE3725DAABC2000F64A1 /* ContentView.swift */,
				7509FE3925DAABC2000F64A1 /* Assets.xcassets */,
				7509FE3E25DAABC2000F64A1 /* Info.plist */,
				7509FE3B25DAABC2000F64A1 /* Preview Content */,
			);
			path = PictureGrid;
			sourceTree = "<group>";
		};
		7509FE3B25DAABC2000F64A1 /* Preview Content */ = {
			isa = PBXGroup;
			children = (
				7509FE3C25DAABC2000F64A1 /* Preview Assets.xcassets */,
			);
			path = "Preview Content";
			sourceTree = "<group>";
		};
		7509FE4625DAABC2000F64A1 /* PictureGridTests */ = {
			isa = PBXGroup;
			children = (
				7509FE4725DAABC2000F64A1 /* PictureGridTests.swift */,
				7509FE4925DAABC2000F64A1 /* Info.plist */,
			);
			path = PictureGridTests;
			sourceTree = "<group>";
		};
		7509FE5125DAABC2000F64A1 /* PictureGridUITests */ = {
			isa = PBXGroup;
			children = (
				7509FE5225DAABC2000F64A1 /* PictureGridUITests.swift */,
				7509FE5425DAABC2000F64A1 /* Info.plist */,
			);
			path = PictureGridUITests;
			sourceTree = "<group>";
		};
/* End PBXGroup section */

/* Begin PBXNativeTarget section */
		7509FE3125DAABC2000F64A1 /* PictureGrid */ = {
			isa = PBXNativeTarget;
			buildConfigurationList = 7509FE5725DAABC2000F64A1 /* Build configuration list for PBXNativeTarget "PictureGrid" */;
			buildPhases = (
				7509FE2E25DAABC2000F64A1 /* Sources */,
				7509FE2F25DAABC2000F64A1 /* Frameworks */,
				7509FE3025DAABC2000F64A1 /* Resources */,
			);
			buildRules = (
			);
			dependencies = (
			);
			name = PictureGrid;
			productName = PictureGrid;
			productReference = 7509FE3225DAABC2000F64A1 /* PictureGrid.app */;
			productType = "com.apple.product-type.application";
		};
		7509FE4225DAABC2000F64A1 /* PictureGridTests */ = {
			isa = PBXNativeTarget;
			buildConfigurationList = 7509FE5A25DAABC2000F64A1 /* Build configuration list for PBXNativeTarget "PictureGridTests" */;
			buildPhases = (
				7509FE3F25DAABC2000F64A1 /* Sources */,
				7509FE4025DAABC2000F64A1 /* Frameworks */,
				7509FE4125DAABC2000F64A1 /* Resources */,
			);
			buildRules = (
			);
			dependencies = (
				7509FE4525DAABC2000F64A1 /* PBXTargetDependency */,
			);
			name = PictureGridTests;
			productName = PictureGridTests;
			productReference = 7509FE4325DAABC2000F64A1 /* PictureGridTests.xctest */;
			productType = "com.apple.product-type.bundle.unit-test";
		};
		7509FE4D25DAABC2000F64A1 /* PictureGridUITests */ = {
			isa = PBXNativeTarget;
			buildConfigurationList = 7509FE5D25DAABC2000F64A1 /* Build configuration list for PBXNativeTarget "PictureGridUITests" */;
			buildPhases = (
				7509FE4A25DAABC2000F64A1 /* Sources */,
				7509FE4B25DAABC2000F64A1 /* Frameworks */,
				7509FE4C25DAABC2000F64A1 /* Resources */,
			);
			buildRules = (
			);
			dependencies = (
				7509FE5025DAABC2000F64A1 /* PBXTargetDependency */,
			);
			name = PictureGridUITests;
			productName = PictureGridUITests;
			productReference = 7509FE4E25DAABC2000F64A1 /* PictureGridUITests.xctest */;
			productType = "com.apple.product-type.bundle.ui-testing";
		};
/* End PBXNativeTarget section */

/* Begin PBXProject section */
		7509FE2A25DAABC1000F64A1 /* Project object */ = {
			isa = PBXProject;
			attributes = {
				LastSwiftUpdateCheck = 1240;
				LastUpgradeCheck = 1240;
				TargetAttributes = {
					7509FE3125DAABC2000F64A1 = {
						CreatedOnToolsVersion = 12.4;
					};
					7509FE4225DAABC2000F64A1 = {
						CreatedOnToolsVersion = 12.4;
						TestTargetID = 7509FE3125DAABC2000F64A1;
					};
					7509FE4D25DAABC2000F64A1 = {
						CreatedOnToolsVersion = 12.4;
						TestTargetID = 7509FE3125DAABC2000F64A1;
					};
				};
			};
			buildConfigurationList = 7509FE2D25DAABC1000F64A1 /* Build configuration list for PBXProject "PictureGrid" */;
			compatibilityVersion = "Xcode 9.3";
			developmentRegion = en;
			hasScannedForEncodings = 0;
			knownRegions = (
				en,
				Base,
			);
			mainGroup = 7509FE2925DAABC1000F64A1;
			productRefGroup = 7509FE3325DAABC2000F64A1 /* Products */;
			projectDirPath = "";
			projectRoot = "";
			targets = (
				7509FE3125DAABC2000F64A1 /* PictureGrid */,
				7509FE4225DAABC2000F64A1 /* PictureGridTests */,
				7509FE4D25DAABC2000F64A1 /* PictureGridUITests */,
			);
		};
/* End PBXProject section */

/* Begin PBXResourcesBuildPhase section */
		7509FE3025DAABC2000F64A1 /* Resources */ = {
			isa = PBXResourcesBuildPhase;
			buildActionMask = 2147483647;
			files = (
				7509FE3D25DAABC2000F64A1 /* Preview Assets.xcassets in Resources */,
				7509FE3A25DAABC2000F64A1 /* Assets.xcassets in Resources */,
			);
			runOnlyForDeploymentPostprocessing = 0;
		};
		7509FE4125DAABC2000F64A1 /* Resources */ = {
			isa = PBXResourcesBuildPhase;
			buildActionMask = 2147483647;
			files = (
			);
			runOnlyForDeploymentPostprocessing = 0;
		};
		7509FE4C25DAABC2000F64A1 /* Resources */ = {
			isa = PBXResourcesBuildPhase;
			buildActionMask = 2147483647;
			files = (
			);
			runOnlyForDeploymentPostprocessing = 0;
		};
/* End PBXResourcesBuildPhase section */

/* Begin PBXSourcesBuildPhase section */
		7509FE2E25DAABC2000F64A1 /* Sources */ = {
			isa = PBXSourcesBuildPhase;
			buildActionMask = 2147483647;
			files = (
				7509FE3825DAABC2000F64A1 /* ContentView.swift in Sources */,
				7509FE3625DAABC2000F64A1 /* PictureGridApp.swift in Sources */,
			);
			runOnlyForDeploymentPostprocessing = 0;
		};
		7509FE3F25DAABC2000F64A1 /* Sources */ = {
			isa = PBXSourcesBuildPhase;
			buildActionMask = 2147483647;
			files = (
				7509FE4825DAABC2000F64A1 /* PictureGridTests.swift in Sources */,
			);
			runOnlyForDeploymentPostprocessing = 0;
		};
		7509FE4A25DAABC2000F64A1 /* Sources */ = {
			isa = PBXSourcesBuildPhase;
			buildActionMask = 2147483647;
			files = (
				7509FE5325DAABC2000F64A1 /* PictureGridUITests.swift in Sources */,
			);
			runOnlyForDeploymentPostprocessing = 0;
		};
/* End PBXSourcesBuildPhase section */

/* Begin PBXTargetDependency section */
		7509FE4525DAABC2000F64A1 /* PBXTargetDependency */ = {
			isa = PBXTargetDependency;
			target = 7509FE3125DAABC2000F64A1 /* PictureGrid */;
			targetProxy = 7509FE4425DAABC2000F64A1 /* PBXContainerItemProxy */;
		};
		7509FE5025DAABC2000F64A1 /* PBXTargetDependency */ = {
			isa = PBXTargetDependency;
			target = 7509FE3125DAABC2000F64A1 /* PictureGrid */;
			targetProxy = 7509FE4F25DAABC2000F64A1 /* PBXContainerItemProxy */;
		};
/* End PBXTargetDependency section */

/* Begin XCBuildConfiguration section */
		7509FE5525DAABC2000F64A1 /* Debug */ = {
			isa = XCBuildConfiguration;
			buildSettings = {
				ALWAYS_SEARCH_USER_PATHS = NO;
				CLANG_ANALYZER_NONNULL = YES;
				CLANG_ANALYZER_NUMBER_OBJECT_CONVERSION = YES_AGGRESSIVE;
				CLANG_CXX_LANGUAGE_STANDARD = "gnu++14";
				CLANG_CXX_LIBRARY = "libc++";
				CLANG_ENABLE_MODULES = YES;
				CLANG_ENABLE_OBJC_ARC = YES;
				CLANG_ENABLE_OBJC_WEAK = YES;
				CLANG_WARN_BLOCK_CAPTURE_AUTORELEASING = YES;
				CLANG_WARN_BOOL_CONVERSION = YES;
				CLANG_WARN_COMMA = YES;
				CLANG_WARN_CONSTANT_CONVERSION = YES;
				CLANG_WARN_DEPRECATED_OBJC_IMPLEMENTATIONS = YES;
				CLANG_WARN_DIRECT_OBJC_ISA_USAGE = YES_ERROR;
				CLANG_WARN_DOCUMENTATION_COMMENTS = YES;
				CLANG_WARN_EMPTY_BODY = YES;
				CLANG_WARN_ENUM_CONVERSION = YES;
				CLANG_WARN_INFINITE_RECURSION = YES;
				CLANG_WARN_INT_CONVERSION = YES;
				CLANG_WARN_NON_LITERAL_NULL_CONVERSION = YES;
				CLANG_WARN_OBJC_IMPLICIT_RETAIN_SELF = YES;
				CLANG_WARN_OBJC_LITERAL_CONVERSION = YES;
				CLANG_WARN_OBJC_ROOT_CLASS = YES_ERROR;
				CLANG_WARN_QUOTED_INCLUDE_IN_FRAMEWORK_HEADER = YES;
				CLANG_WARN_RANGE_LOOP_ANALYSIS = YES;
				CLANG_WARN_STRICT_PROTOTYPES = YES;
				CLANG_WARN_SUSPICIOUS_MOVE = YES;
				CLANG_WARN_UNGUARDED_AVAILABILITY = YES_AGGRESSIVE;
				CLANG_WARN_UNREACHABLE_CODE = YES;
				CLANG_WARN__DUPLICATE_METHOD_MATCH = YES;
				COPY_PHASE_STRIP = NO;
				DEBUG_INFORMATION_FORMAT = dwarf;
				ENABLE_STRICT_OBJC_MSGSEND = YES;
				ENABLE_TESTABILITY = YES;
				GCC_C_LANGUAGE_STANDARD = gnu11;
				GCC_DYNAMIC_NO_PIC = NO;
				GCC_NO_COMMON_BLOCKS = YES;
				GCC_OPTIMIZATION_LEVEL = 0;
				GCC_PREPROCESSOR_DEFINITIONS = (
					"DEBUG=1",
					"$(inherited)",
				);
				GCC_WARN_64_TO_32_BIT_CONVERSION = YES;
				GCC_WARN_ABOUT_RETURN_TYPE = YES_ERROR;
				GCC_WARN_UNDECLARED_SELECTOR = YES;
				GCC_WARN_UNINITIALIZED_AUTOS = YES_AGGRESSIVE;
				GCC_WARN_UNUSED_FUNCTION = YES;
				GCC_WARN_UNUSED_VARIABLE = YES;
				IPHONEOS_DEPLOYMENT_TARGET = 14.4;
				MTL_ENABLE_DEBUG_INFO = INCLUDE_SOURCE;
				MTL_FAST_MATH = YES;
				ONLY_ACTIVE_ARCH = YES;
				SDKROOT = iphoneos;
				SWIFT_ACTIVE_COMPILATION_CONDITIONS = DEBUG;
				SWIFT_OPTIMIZATION_LEVEL = "-Onone";
			};
			name = Debug;
		};
		7509FE5625DAABC2000F64A1 /* Release */ = {
			isa = XCBuildConfiguration;
			buildSettings = {
				ALWAYS_SEARCH_USER_PATHS = NO;
				CLANG_ANALYZER_NONNULL = YES;
				CLANG_ANALYZER_NUMBER_OBJECT_CONVERSION = YES_AGGRESSIVE;
				CLANG_CXX_LANGUAGE_STANDARD = "gnu++14";
				CLANG_CXX_LIBRARY = "libc++";
				CLANG_ENABLE_MODULES = YES;
				CLANG_ENABLE_OBJC_ARC = YES;
				CLANG_ENABLE_OBJC_WEAK = YES;
				CLANG_WARN_BLOCK_CAPTURE_AUTORELEASING = YES;
				CLANG_WARN_BOOL_CONVERSION = YES;
				CLANG_WARN_COMMA = YES;
				CLANG_WARN_CONSTANT_CONVERSION = YES;
				CLANG_WARN_DEPRECATED_OBJC_IMPLEMENTATIONS = YES;
				CLANG_WARN_DIRECT_OBJC_ISA_USAGE = YES_ERROR;
				CLANG_WARN_DOCUMENTATION_COMMENTS = YES;
				CLANG_WARN_EMPTY_BODY = YES;
				CLANG_WARN_ENUM_CONVERSION = YES;
				CLANG_WARN_INFINITE_RECURSION = YES;
				CLANG_WARN_INT_CONVERSION = YES;
				CLANG_WARN_NON_LITERAL_NULL_CONVERSION = YES;
				CLANG_WARN_OBJC_IMPLICIT_RETAIN_SELF = YES;
				CLANG_WARN_OBJC_LITERAL_CONVERSION = YES;
				CLANG_WARN_OBJC_ROOT_CLASS = YES_ERROR;
				CLANG_WARN_QUOTED_INCLUDE_IN_FRAMEWORK_HEADER = YES;
				CLANG_WARN_RANGE_LOOP_ANALYSIS = YES;
				CLANG_WARN_STRICT_PROTOTYPES = YES;
				CLANG_WARN_SUSPICIOUS_MOVE = YES;
				CLANG_WARN_UNGUARDED_AVAILABILITY = YES_AGGRESSIVE;
				CLANG_WARN_UNREACHABLE_CODE = YES;
				CLANG_WARN__DUPLICATE_METHOD_MATCH = YES;
				COPY_PHASE_STRIP = NO;
				DEBUG_INFORMATION_FORMAT = "dwarf-with-dsym";
				ENABLE_NS_ASSERTIONS = NO;
				ENABLE_STRICT_OBJC_MSGSEND = YES;
				GCC_C_LANGUAGE_STANDARD = gnu11;
				GCC_NO_COMMON_BLOCKS = YES;
				GCC_WARN_64_TO_32_BIT_CONVERSION = YES;
				GCC_WARN_ABOUT_RETURN_TYPE = YES_ERROR;
				GCC_WARN_UNDECLARED_SELECTOR = YES;
				GCC_WARN_UNINITIALIZED_AUTOS = YES_AGGRESSIVE;
				GCC_WARN_UNUSED_FUNCTION = YES;
				GCC_WARN_UNUSED_VARIABLE = YES;
				IPHONEOS_DEPLOYMENT_TARGET = 14.4;
				MTL_ENABLE_DEBUG_INFO = NO;
				MTL_FAST_MATH = YES;
				SDKROOT = iphoneos;
				SWIFT_COMPILATION_MODE = wholemodule;
				SWIFT_OPTIMIZATION_LEVEL = "-O";
				VALIDATE_PRODUCT = YES;
			};
			name = Release;
		};
		7509FE5825DAABC2000F64A1 /* Debug */ = {
			isa = XCBuildConfiguration;
			buildSettings = {
				ASSETCATALOG_COMPILER_APPICON_NAME = AppIcon;
				ASSETCATALOG_COMPILER_GLOBAL_ACCENT_COLOR_NAME = AccentColor;
				CODE_SIGN_STYLE = Automatic;
				DEVELOPMENT_ASSET_PATHS = "\"PictureGrid/Preview Content\"";
				DEVELOPMENT_TEAM = GNP5RY8L8R;
				ENABLE_PREVIEWS = YES;
				INFOPLIST_FILE = PictureGrid/Info.plist;
				IPHONEOS_DEPLOYMENT_TARGET = 14.0;
				LD_RUNPATH_SEARCH_PATHS = (
					"$(inherited)",
					"@executable_path/Frameworks",
				);
				PRODUCT_BUNDLE_IDENTIFIER = com.sullivan.PictureGrid;
				PRODUCT_NAME = "$(TARGET_NAME)";
				SWIFT_VERSION = 5.0;
				TARGETED_DEVICE_FAMILY = "1,2";
			};
			name = Debug;
		};
		7509FE5925DAABC2000F64A1 /* Release */ = {
			isa = XCBuildConfiguration;
			buildSettings = {
				ASSETCATALOG_COMPILER_APPICON_NAME = AppIcon;
				ASSETCATALOG_COMPILER_GLOBAL_ACCENT_COLOR_NAME = AccentColor;
				CODE_SIGN_STYLE = Automatic;
				DEVELOPMENT_ASSET_PATHS = "\"PictureGrid/Preview Content\"";
				DEVELOPMENT_TEAM = GNP5RY8L8R;
				ENABLE_PREVIEWS = YES;
				INFOPLIST_FILE = PictureGrid/Info.plist;
				IPHONEOS_DEPLOYMENT_TARGET = 14.0;
				LD_RUNPATH_SEARCH_PATHS = (
					"$(inherited)",
					"@executable_path/Frameworks",
				);
				PRODUCT_BUNDLE_IDENTIFIER = com.sullivan.PictureGrid;
				PRODUCT_NAME = "$(TARGET_NAME)";
				SWIFT_VERSION = 5.0;
				TARGETED_DEVICE_FAMILY = "1,2";
			};
			name = Release;
		};
		7509FE5B25DAABC2000F64A1 /* Debug */ = {
			isa = XCBuildConfiguration;
			buildSettings = {
				ALWAYS_EMBED_SWIFT_STANDARD_LIBRARIES = YES;
				BUNDLE_LOADER = "$(TEST_HOST)";
				CODE_SIGN_STYLE = Automatic;
				DEVELOPMENT_TEAM = GNP5RY8L8R;
				INFOPLIST_FILE = PictureGridTests/Info.plist;
				IPHONEOS_DEPLOYMENT_TARGET = 14.0;
				LD_RUNPATH_SEARCH_PATHS = (
					"$(inherited)",
					"@executable_path/Frameworks",
					"@loader_path/Frameworks",
				);
				PRODUCT_BUNDLE_IDENTIFIER = com.sullivan.PictureGridTests;
				PRODUCT_NAME = "$(TARGET_NAME)";
				SWIFT_VERSION = 5.0;
				TARGETED_DEVICE_FAMILY = "1,2";
				TEST_HOST = "$(BUILT_PRODUCTS_DIR)/PictureGrid.app/PictureGrid";
			};
			name = Debug;
		};
		7509FE5C25DAABC2000F64A1 /* Release */ = {
			isa = XCBuildConfiguration;
			buildSettings = {
				ALWAYS_EMBED_SWIFT_STANDARD_LIBRARIES = YES;
				BUNDLE_LOADER = "$(TEST_HOST)";
				CODE_SIGN_STYLE = Automatic;
				DEVELOPMENT_TEAM = GNP5RY8L8R;
				INFOPLIST_FILE = PictureGridTests/Info.plist;
				IPHONEOS_DEPLOYMENT_TARGET = 14.0;
				LD_RUNPATH_SEARCH_PATHS = (
					"$(inherited)",
					"@executable_path/Frameworks",
					"@loader_path/Frameworks",
				);
				PRODUCT_BUNDLE_IDENTIFIER = com.sullivan.PictureGridTests;
				PRODUCT_NAME = "$(TARGET_NAME)";
				SWIFT_VERSION = 5.0;
				TARGETED_DEVICE_FAMILY = "1,2";
				TEST_HOST = "$(BUILT_PRODUCTS_DIR)/PictureGrid.app/PictureGrid";
			};
			name = Release;
		};
		7509FE5E25DAABC2000F64A1 /* Debug */ = {
			isa = XCBuildConfiguration;
			buildSettings = {
				ALWAYS_EMBED_SWIFT_STANDARD_LIBRARIES = YES;
				CODE_SIGN_STYLE = Automatic;
				DEVELOPMENT_TEAM = GNP5RY8L8R;
				INFOPLIST_FILE = PictureGridUITests/Info.plist;
				LD_RUNPATH_SEARCH_PATHS = (
					"$(inherited)",
					"@executable_path/Frameworks",
					"@loader_path/Frameworks",
				);
				PRODUCT_BUNDLE_IDENTIFIER = com.sullivan.PictureGridUITests;
				PRODUCT_NAME = "$(TARGET_NAME)";
				SWIFT_VERSION = 5.0;
				TARGETED_DEVICE_FAMILY = "1,2";
				TEST_TARGET_NAME = PictureGrid;
			};
			name = Debug;
		};
		7509FE5F25DAABC2000F64A1 /* Release */ = {
			isa = XCBuildConfiguration;
			buildSettings = {
				ALWAYS_EMBED_SWIFT_STANDARD_LIBRARIES = YES;
				CODE_SIGN_STYLE = Automatic;
				DEVELOPMENT_TEAM = GNP5RY8L8R;
				INFOPLIST_FILE = PictureGridUITests/Info.plist;
				LD_RUNPATH_SEARCH_PATHS = (
					"$(inherited)",
					"@executable_path/Frameworks",
					"@loader_path/Frameworks",
				);
				PRODUCT_BUNDLE_IDENTIFIER = com.sullivan.PictureGridUITests;
				PRODUCT_NAME = "$(TARGET_NAME)";
				SWIFT_VERSION = 5.0;
				TARGETED_DEVICE_FAMILY = "1,2";
				TEST_TARGET_NAME = PictureGrid;
			};
			name = Release;
		};
/* End XCBuildConfiguration section */

/* Begin XCConfigurationList section */
		7509FE2D25DAABC1000F64A1 /* Build configuration list for PBXProject "PictureGrid" */ = {
			isa = XCConfigurationList;
			buildConfigurations = (
				7509FE5525DAABC2000F64A1 /* Debug */,
				7509FE5625DAABC2000F64A1 /* Release */,
			);
			defaultConfigurationIsVisible = 0;
			defaultConfigurationName = Release;
		};
		7509FE5725DAABC2000F64A1 /* Build configuration list for PBXNativeTarget "PictureGrid" */ = {
			isa = XCConfigurationList;
			buildConfigurations = (
				7509FE5825DAABC2000F64A1 /* Debug */,
				7509FE5925DAABC2000F64A1 /* Release */,
			);
			defaultConfigurationIsVisible = 0;
			defaultConfigurationName = Release;
		};
		7509FE5A25DAABC2000F64A1 /* Build configuration list for PBXNativeTarget "PictureGridTests" */ = {
			isa = XCConfigurationList;
			buildConfigurations = (
				7509FE5B25DAABC2000F64A1 /* Debug */,
				7509FE5C25DAABC2000F64A1 /* Release */,
			);
			defaultConfigurationIsVisible = 0;
			defaultConfigurationName = Release;
		};
		7509FE5D25DAABC2000F64A1 /* Build configuration list for PBXNativeTarget "PictureGridUITests" */ = {
			isa = XCConfigurationList;
			buildConfigurations = (
				7509FE5E25DAABC2000F64A1 /* Debug */,
				7509FE5F25DAABC2000F64A1 /* Release */,
			);
			defaultConfigurationIsVisible = 0;
			defaultConfigurationName = Release;
		};
/* End XCConfigurationList section */
	};
	rootObject = 7509FE2A25DAABC1000F64A1 /* Project object */;
}
